// !$*UTF8*$!
{
	archiveVersion = 1;
	classes = {
	};
	objectVersion = 50;
	objects = {

/* Begin PBXBuildFile section */
		5B92E15125C03A3E003D2A13 /* AppDelegate.swift in Sources */ = {isa = PBXBuildFile; fileRef = 5B92E15025C03A3E003D2A13 /* AppDelegate.swift */; };
		5B92E15325C03A3E003D2A13 /* SceneDelegate.swift in Sources */ = {isa = PBXBuildFile; fileRef = 5B92E15225C03A3E003D2A13 /* SceneDelegate.swift */; };
		5B92E15525C03A3E003D2A13 /* ViewController.swift in Sources */ = {isa = PBXBuildFile; fileRef = 5B92E15425C03A3E003D2A13 /* ViewController.swift */; };
		5B92E15825C03A3E003D2A13 /* Main.storyboard in Resources */ = {isa = PBXBuildFile; fileRef = 5B92E15625C03A3E003D2A13 /* Main.storyboard */; };
		5B92E15A25C03A41003D2A13 /* Assets.xcassets in Resources */ = {isa = PBXBuildFile; fileRef = 5B92E15925C03A41003D2A13 /* Assets.xcassets */; };
		5B92E15D25C03A41003D2A13 /* LaunchScreen.storyboard in Resources */ = {isa = PBXBuildFile; fileRef = 5B92E15B25C03A41003D2A13 /* LaunchScreen.storyboard */; };
		5B92E16825C03A41003D2A13 /* A1_iOS_simranpreet_c0794501Tests.swift in Sources */ = {isa = PBXBuildFile; fileRef = 5B92E16725C03A41003D2A13 /* A1_iOS_simranpreet_c0794501Tests.swift */; };
		5B92E17325C03A41003D2A13 /* A1_iOS_simranpreet_c0794501UITests.swift in Sources */ = {isa = PBXBuildFile; fileRef = 5B92E17225C03A41003D2A13 /* A1_iOS_simranpreet_c0794501UITests.swift */; };
		5B92E18925C06064003D2A13 /* PLACES.swift in Sources */ = {isa = PBXBuildFile; fileRef = 5B92E18825C06064003D2A13 /* PLACES.swift */; };
/* End PBXBuildFile section */

/* Begin PBXContainerItemProxy section */
		5B92E16425C03A41003D2A13 /* PBXContainerItemProxy */ = {
			isa = PBXContainerItemProxy;
			containerPortal = 5B92E14525C03A3E003D2A13 /* Project object */;
			proxyType = 1;
			remoteGlobalIDString = 5B92E14C25C03A3E003D2A13;
			remoteInfo = A1_iOS_simranpreet_c0794501;
		};
		5B92E16F25C03A41003D2A13 /* PBXContainerItemProxy */ = {
			isa = PBXContainerItemProxy;
			containerPortal = 5B92E14525C03A3E003D2A13 /* Project object */;
			proxyType = 1;
			remoteGlobalIDString = 5B92E14C25C03A3E003D2A13;
			remoteInfo = A1_iOS_simranpreet_c0794501;
		};
/* End PBXContainerItemProxy section */

/* Begin PBXFileReference section */
		5B92E14D25C03A3E003D2A13 /* A1_iOS_simranpreet_c0794501.app */ = {isa = PBXFileReference; explicitFileType = wrapper.application; includeInIndex = 0; path = A1_iOS_simranpreet_c0794501.app; sourceTree = BUILT_PRODUCTS_DIR; };
		5B92E15025C03A3E003D2A13 /* AppDelegate.swift */ = {isa = PBXFileReference; lastKnownFileType = sourcecode.swift; path = AppDelegate.swift; sourceTree = "<group>"; };
		5B92E15225C03A3E003D2A13 /* SceneDelegate.swift */ = {isa = PBXFileReference; lastKnownFileType = sourcecode.swift; path = SceneDelegate.swift; sourceTree = "<group>"; };
		5B92E15425C03A3E003D2A13 /* ViewController.swift */ = {isa = PBXFileReference; lastKnownFileType = sourcecode.swift; path = ViewController.swift; sourceTree = "<group>"; };
		5B92E15725C03A3E003D2A13 /* Base */ = {isa = PBXFileReference; lastKnownFileType = file.storyboard; name = Base; path = Base.lproj/Main.storyboard; sourceTree = "<group>"; };
		5B92E15925C03A41003D2A13 /* Assets.xcassets */ = {isa = PBXFileReference; lastKnownFileType = folder.assetcatalog; path = Assets.xcassets; sourceTree = "<group>"; };
		5B92E15C25C03A41003D2A13 /* Base */ = {isa = PBXFileReference; lastKnownFileType = file.storyboard; name = Base; path = Base.lproj/LaunchScreen.storyboard; sourceTree = "<group>"; };
		5B92E15E25C03A41003D2A13 /* Info.plist */ = {isa = PBXFileReference; lastKnownFileType = text.plist.xml; path = Info.plist; sourceTree = "<group>"; };
		5B92E16325C03A41003D2A13 /* A1_iOS_simranpreet_c0794501Tests.xctest */ = {isa = PBXFileReference; explicitFileType = wrapper.cfbundle; includeInIndex = 0; path = A1_iOS_simranpreet_c0794501Tests.xctest; sourceTree = BUILT_PRODUCTS_DIR; };
		5B92E16725C03A41003D2A13 /* A1_iOS_simranpreet_c0794501Tests.swift */ = {isa = PBXFileReference; lastKnownFileType = sourcecode.swift; path = A1_iOS_simranpreet_c0794501Tests.swift; sourceTree = "<group>"; };
		5B92E16925C03A41003D2A13 /* Info.plist */ = {isa = PBXFileReference; lastKnownFileType = text.plist.xml; path = Info.plist; sourceTree = "<group>"; };
		5B92E16E25C03A41003D2A13 /* A1_iOS_simranpreet_c0794501UITests.xctest */ = {isa = PBXFileReference; explicitFileType = wrapper.cfbundle; includeInIndex = 0; path = A1_iOS_simranpreet_c0794501UITests.xctest; sourceTree = BUILT_PRODUCTS_DIR; };
		5B92E17225C03A41003D2A13 /* A1_iOS_simranpreet_c0794501UITests.swift */ = {isa = PBXFileReference; lastKnownFileType = sourcecode.swift; path = A1_iOS_simranpreet_c0794501UITests.swift; sourceTree = "<group>"; };
		5B92E17425C03A41003D2A13 /* Info.plist */ = {isa = PBXFileReference; lastKnownFileType = text.plist.xml; path = Info.plist; sourceTree = "<group>"; };
		5B92E18825C06064003D2A13 /* PLACES.swift */ = {isa = PBXFileReference; lastKnownFileType = sourcecode.swift; path = PLACES.swift; sourceTree = "<group>"; };
/* End PBXFileReference section */

/* Begin PBXFrameworksBuildPhase section */
		5B92E14A25C03A3E003D2A13 /* Frameworks */ = {
			isa = PBXFrameworksBuildPhase;
			buildActionMask = 2147483647;
			files = (
			);
			runOnlyForDeploymentPostprocessing = 0;
		};
		5B92E16025C03A41003D2A13 /* Frameworks */ = {
			isa = PBXFrameworksBuildPhase;
			buildActionMask = 2147483647;
			files = (
			);
			runOnlyForDeploymentPostprocessing = 0;
		};
		5B92E16B25C03A41003D2A13 /* Frameworks */ = {
			isa = PBXFrameworksBuildPhase;
			buildActionMask = 2147483647;
			files = (
			);
			runOnlyForDeploymentPostprocessing = 0;
		};
/* End PBXFrameworksBuildPhase section */

/* Begin PBXGroup section */
		5B92E14425C03A3E003D2A13 = {
			isa = PBXGroup;
			children = (
				5B92E14F25C03A3E003D2A13 /* A1_iOS_simranpreet_c0794501 */,
				5B92E16625C03A41003D2A13 /* A1_iOS_simranpreet_c0794501Tests */,
				5B92E17125C03A41003D2A13 /* A1_iOS_simranpreet_c0794501UITests */,
				5B92E14E25C03A3E003D2A13 /* Products */,
			);
			sourceTree = "<group>";
		};
		5B92E14E25C03A3E003D2A13 /* Products */ = {
			isa = PBXGroup;
			children = (
				5B92E14D25C03A3E003D2A13 /* A1_iOS_simranpreet_c0794501.app */,
				5B92E16325C03A41003D2A13 /* A1_iOS_simranpreet_c0794501Tests.xctest */,
				5B92E16E25C03A41003D2A13 /* A1_iOS_simranpreet_c0794501UITests.xctest */,
			);
			name = Products;
			sourceTree = "<group>";
		};
		5B92E14F25C03A3E003D2A13 /* A1_iOS_simranpreet_c0794501 */ = {
			isa = PBXGroup;
			children = (
				5B92E15025C03A3E003D2A13 /* AppDelegate.swift */,
				5B92E15225C03A3E003D2A13 /* SceneDelegate.swift */,
				5B92E15425C03A3E003D2A13 /* ViewController.swift */,
				5B92E18825C06064003D2A13 /* PLACES.swift */,
				5B92E15625C03A3E003D2A13 /* Main.storyboard */,
				5B92E15925C03A41003D2A13 /* Assets.xcassets */,
				5B92E15B25C03A41003D2A13 /* LaunchScreen.storyboard */,
				5B92E15E25C03A41003D2A13 /* Info.plist */,
			);
			path = A1_iOS_simranpreet_c0794501;
			sourceTree = "<group>";
		};
		5B92E16625C03A41003D2A13 /* A1_iOS_simranpreet_c0794501Tests */ = {
			isa = PBXGroup;
			children = (
				5B92E16725C03A41003D2A13 /* A1_iOS_simranpreet_c0794501Tests.swift */,
				5B92E16925C03A41003D2A13 /* Info.plist */,
			);
			path = A1_iOS_simranpreet_c0794501Tests;
			sourceTree = "<group>";
		};
		5B92E17125C03A41003D2A13 /* A1_iOS_simranpreet_c0794501UITests */ = {
			isa = PBXGroup;
			children = (
				5B92E17225C03A41003D2A13 /* A1_iOS_simranpreet_c0794501UITests.swift */,
				5B92E17425C03A41003D2A13 /* Info.plist */,
			);
			path = A1_iOS_simranpreet_c0794501UITests;
			sourceTree = "<group>";
		};
/* End PBXGroup section */

/* Begin PBXNativeTarget section */
		5B92E14C25C03A3E003D2A13 /* A1_iOS_simranpreet_c0794501 */ = {
			isa = PBXNativeTarget;
			buildConfigurationList = 5B92E17725C03A41003D2A13 /* Build configuration list for PBXNativeTarget "A1_iOS_simranpreet_c0794501" */;
			buildPhases = (
				5B92E14925C03A3E003D2A13 /* Sources */,
				5B92E14A25C03A3E003D2A13 /* Frameworks */,
				5B92E14B25C03A3E003D2A13 /* Resources */,
			);
			buildRules = (
			);
			dependencies = (
			);
			name = A1_iOS_simranpreet_c0794501;
			productName = A1_iOS_simranpreet_c0794501;
			productReference = 5B92E14D25C03A3E003D2A13 /* A1_iOS_simranpreet_c0794501.app */;
			productType = "com.apple.product-type.application";
		};
		5B92E16225C03A41003D2A13 /* A1_iOS_simranpreet_c0794501Tests */ = {
			isa = PBXNativeTarget;
			buildConfigurationList = 5B92E17A25C03A41003D2A13 /* Build configuration list for PBXNativeTarget "A1_iOS_simranpreet_c0794501Tests" */;
			buildPhases = (
				5B92E15F25C03A41003D2A13 /* Sources */,
				5B92E16025C03A41003D2A13 /* Frameworks */,
				5B92E16125C03A41003D2A13 /* Resources */,
			);
			buildRules = (
			);
			dependencies = (
				5B92E16525C03A41003D2A13 /* PBXTargetDependency */,
			);
			name = A1_iOS_simranpreet_c0794501Tests;
			productName = A1_iOS_simranpreet_c0794501Tests;
			productReference = 5B92E16325C03A41003D2A13 /* A1_iOS_simranpreet_c0794501Tests.xctest */;
			productType = "com.apple.product-type.bundle.unit-test";
		};
		5B92E16D25C03A41003D2A13 /* A1_iOS_simranpreet_c0794501UITests */ = {
			isa = PBXNativeTarget;
			buildConfigurationList = 5B92E17D25C03A41003D2A13 /* Build configuration list for PBXNativeTarget "A1_iOS_simranpreet_c0794501UITests" */;
			buildPhases = (
				5B92E16A25C03A41003D2A13 /* Sources */,
				5B92E16B25C03A41003D2A13 /* Frameworks */,
				5B92E16C25C03A41003D2A13 /* Resources */,
			);
			buildRules = (
			);
			dependencies = (
				5B92E17025C03A41003D2A13 /* PBXTargetDependency */,
			);
			name = A1_iOS_simranpreet_c0794501UITests;
			productName = A1_iOS_simranpreet_c0794501UITests;
			productReference = 5B92E16E25C03A41003D2A13 /* A1_iOS_simranpreet_c0794501UITests.xctest */;
			productType = "com.apple.product-type.bundle.ui-testing";
		};
/* End PBXNativeTarget section */

/* Begin PBXProject section */
		5B92E14525C03A3E003D2A13 /* Project object */ = {
			isa = PBXProject;
			attributes = {
				LastSwiftUpdateCheck = 1230;
				LastUpgradeCheck = 1230;
				TargetAttributes = {
					5B92E14C25C03A3E003D2A13 = {
						CreatedOnToolsVersion = 12.3;
					};
					5B92E16225C03A41003D2A13 = {
						CreatedOnToolsVersion = 12.3;
						TestTargetID = 5B92E14C25C03A3E003D2A13;
					};
					5B92E16D25C03A41003D2A13 = {
						CreatedOnToolsVersion = 12.3;
						TestTargetID = 5B92E14C25C03A3E003D2A13;
					};
				};
			};
			buildConfigurationList = 5B92E14825C03A3E003D2A13 /* Build configuration list for PBXProject "A1_iOS_simranpreet_c0794501" */;
			compatibilityVersion = "Xcode 9.3";
			developmentRegion = en;
			hasScannedForEncodings = 0;
			knownRegions = (
				en,
				Base,
			);
			mainGroup = 5B92E14425C03A3E003D2A13;
			productRefGroup = 5B92E14E25C03A3E003D2A13 /* Products */;
			projectDirPath = "";
			projectRoot = "";
			targets = (
				5B92E14C25C03A3E003D2A13 /* A1_iOS_simranpreet_c0794501 */,
				5B92E16225C03A41003D2A13 /* A1_iOS_simranpreet_c0794501Tests */,
				5B92E16D25C03A41003D2A13 /* A1_iOS_simranpreet_c0794501UITests */,
			);
		};
/* End PBXProject section */

/* Begin PBXResourcesBuildPhase section */
		5B92E14B25C03A3E003D2A13 /* Resources */ = {
			isa = PBXResourcesBuildPhase;
			buildActionMask = 2147483647;
			files = (
				5B92E15D25C03A41003D2A13 /* LaunchScreen.storyboard in Resources */,
				5B92E15A25C03A41003D2A13 /* Assets.xcassets in Resources */,
				5B92E15825C03A3E003D2A13 /* Main.storyboard in Resources */,
			);
			runOnlyForDeploymentPostprocessing = 0;
		};
		5B92E16125C03A41003D2A13 /* Resources */ = {
			isa = PBXResourcesBuildPhase;
			buildActionMask = 2147483647;
			files = (
			);
			runOnlyForDeploymentPostprocessing = 0;
		};
		5B92E16C25C03A41003D2A13 /* Resources */ = {
			isa = PBXResourcesBuildPhase;
			buildActionMask = 2147483647;
			files = (
			);
			runOnlyForDeploymentPostprocessing = 0;
		};
/* End PBXResourcesBuildPhase section */

/* Begin PBXSourcesBuildPhase section */
		5B92E14925C03A3E003D2A13 /* Sources */ = {
			isa = PBXSourcesBuildPhase;
			buildActionMask = 2147483647;
			files = (
				5B92E15525C03A3E003D2A13 /* ViewController.swift in Sources */,
				5B92E15125C03A3E003D2A13 /* AppDelegate.swift in Sources */,
				5B92E15325C03A3E003D2A13 /* SceneDelegate.swift in Sources */,
				5B92E18925C06064003D2A13 /* PLACES.swift in Sources */,
			);
			runOnlyForDeploymentPostprocessing = 0;
		};
		5B92E15F25C03A41003D2A13 /* Sources */ = {
			isa = PBXSourcesBuildPhase;
			buildActionMask = 2147483647;
			files = (
				5B92E16825C03A41003D2A13 /* A1_iOS_simranpreet_c0794501Tests.swift in Sources */,
			);
			runOnlyForDeploymentPostprocessing = 0;
		};
		5B92E16A25C03A41003D2A13 /* Sources */ = {
			isa = PBXSourcesBuildPhase;
			buildActionMask = 2147483647;
			files = (
				5B92E17325C03A41003D2A13 /* A1_iOS_simranpreet_c0794501UITests.swift in Sources */,
			);
			runOnlyForDeploymentPostprocessing = 0;
		};
/* End PBXSourcesBuildPhase section */

/* Begin PBXTargetDependency section */
		5B92E16525C03A41003D2A13 /* PBXTargetDependency */ = {
			isa = PBXTargetDependency;
			target = 5B92E14C25C03A3E003D2A13 /* A1_iOS_simranpreet_c0794501 */;
			targetProxy = 5B92E16425C03A41003D2A13 /* PBXContainerItemProxy */;
		};
		5B92E17025C03A41003D2A13 /* PBXTargetDependency */ = {
			isa = PBXTargetDependency;
			target = 5B92E14C25C03A3E003D2A13 /* A1_iOS_simranpreet_c0794501 */;
			targetProxy = 5B92E16F25C03A41003D2A13 /* PBXContainerItemProxy */;
		};
/* End PBXTargetDependency section */

/* Begin PBXVariantGroup section */
		5B92E15625C03A3E003D2A13 /* Main.storyboard */ = {
			isa = PBXVariantGroup;
			children = (
				5B92E15725C03A3E003D2A13 /* Base */,
			);
			name = Main.storyboard;
			sourceTree = "<group>";
		};
		5B92E15B25C03A41003D2A13 /* LaunchScreen.storyboard */ = {
			isa = PBXVariantGroup;
			children = (
				5B92E15C25C03A41003D2A13 /* Base */,
			);
			name = LaunchScreen.storyboard;
			sourceTree = "<group>";
		};
/* End PBXVariantGroup section */

/* Begin XCBuildConfiguration section */
		5B92E17525C03A41003D2A13 /* Debug */ = {
			isa = XCBuildConfiguration;
			buildSettings = {
				ALWAYS_SEARCH_USER_PATHS = NO;
				CLANG_ANALYZER_NONNULL = YES;
				CLANG_ANALYZER_NUMBER_OBJECT_CONVERSION = YES_AGGRESSIVE;
				CLANG_CXX_LANGUAGE_STANDARD = "gnu++14";
				CLANG_CXX_LIBRARY = "libc++";
				CLANG_ENABLE_MODULES = YES;
				CLANG_ENABLE_OBJC_ARC = YES;
				CLANG_ENABLE_OBJC_WEAK = YES;
				CLANG_WARN_BLOCK_CAPTURE_AUTORELEASING = YES;
				CLANG_WARN_BOOL_CONVERSION = YES;
				CLANG_WARN_COMMA = YES;
				CLANG_WARN_CONSTANT_CONVERSION = YES;
				CLANG_WARN_DEPRECATED_OBJC_IMPLEMENTATIONS = YES;
				CLANG_WARN_DIRECT_OBJC_ISA_USAGE = YES_ERROR;
				CLANG_WARN_DOCUMENTATION_COMMENTS = YES;
				CLANG_WARN_EMPTY_BODY = YES;
				CLANG_WARN_ENUM_CONVERSION = YES;
				CLANG_WARN_INFINITE_RECURSION = YES;
				CLANG_WARN_INT_CONVERSION = YES;
				CLANG_WARN_NON_LITERAL_NULL_CONVERSION = YES;
				CLANG_WARN_OBJC_IMPLICIT_RETAIN_SELF = YES;
				CLANG_WARN_OBJC_LITERAL_CONVERSION = YES;
				CLANG_WARN_OBJC_ROOT_CLASS = YES_ERROR;
				CLANG_WARN_QUOTED_INCLUDE_IN_FRAMEWORK_HEADER = YES;
				CLANG_WARN_RANGE_LOOP_ANALYSIS = YES;
				CLANG_WARN_STRICT_PROTOTYPES = YES;
				CLANG_WARN_SUSPICIOUS_MOVE = YES;
				CLANG_WARN_UNGUARDED_AVAILABILITY = YES_AGGRESSIVE;
				CLANG_WARN_UNREACHABLE_CODE = YES;
				CLANG_WARN__DUPLICATE_METHOD_MATCH = YES;
				COPY_PHASE_STRIP = NO;
				DEBUG_INFORMATION_FORMAT = dwarf;
				ENABLE_STRICT_OBJC_MSGSEND = YES;
				ENABLE_TESTABILITY = YES;
				GCC_C_LANGUAGE_STANDARD = gnu11;
				GCC_DYNAMIC_NO_PIC = NO;
				GCC_NO_COMMON_BLOCKS = YES;
				GCC_OPTIMIZATION_LEVEL = 0;
				GCC_PREPROCESSOR_DEFINITIONS = (
					"DEBUG=1",
					"$(inherited)",
				);
				GCC_WARN_64_TO_32_BIT_CONVERSION = YES;
				GCC_WARN_ABOUT_RETURN_TYPE = YES_ERROR;
				GCC_WARN_UNDECLARED_SELECTOR = YES;
				GCC_WARN_UNINITIALIZED_AUTOS = YES_AGGRESSIVE;
				GCC_WARN_UNUSED_FUNCTION = YES;
				GCC_WARN_UNUSED_VARIABLE = YES;
				IPHONEOS_DEPLOYMENT_TARGET = 14.3;
				MTL_ENABLE_DEBUG_INFO = INCLUDE_SOURCE;
				MTL_FAST_MATH = YES;
				ONLY_ACTIVE_ARCH = YES;
				SDKROOT = iphoneos;
				SWIFT_ACTIVE_COMPILATION_CONDITIONS = DEBUG;
				SWIFT_OPTIMIZATION_LEVEL = "-Onone";
			};
			name = Debug;
		};
		5B92E17625C03A41003D2A13 /* Release */ = {
			isa = XCBuildConfiguration;
			buildSettings = {
				ALWAYS_SEARCH_USER_PATHS = NO;
				CLANG_ANALYZER_NONNULL = YES;
				CLANG_ANALYZER_NUMBER_OBJECT_CONVERSION = YES_AGGRESSIVE;
				CLANG_CXX_LANGUAGE_STANDARD = "gnu++14";
				CLANG_CXX_LIBRARY = "libc++";
				CLANG_ENABLE_MODULES = YES;
				CLANG_ENABLE_OBJC_ARC = YES;
				CLANG_ENABLE_OBJC_WEAK = YES;
				CLANG_WARN_BLOCK_CAPTURE_AUTORELEASING = YES;
				CLANG_WARN_BOOL_CONVERSION = YES;
				CLANG_WARN_COMMA = YES;
				CLANG_WARN_CONSTANT_CONVERSION = YES;
				CLANG_WARN_DEPRECATED_OBJC_IMPLEMENTATIONS = YES;
				CLANG_WARN_DIRECT_OBJC_ISA_USAGE = YES_ERROR;
				CLANG_WARN_DOCUMENTATION_COMMENTS = YES;
				CLANG_WARN_EMPTY_BODY = YES;
				CLANG_WARN_ENUM_CONVERSION = YES;
				CLANG_WARN_INFINITE_RECURSION = YES;
				CLANG_WARN_INT_CONVERSION = YES;
				CLANG_WARN_NON_LITERAL_NULL_CONVERSION = YES;
				CLANG_WARN_OBJC_IMPLICIT_RETAIN_SELF = YES;
				CLANG_WARN_OBJC_LITERAL_CONVERSION = YES;
				CLANG_WARN_OBJC_ROOT_CLASS = YES_ERROR;
				CLANG_WARN_QUOTED_INCLUDE_IN_FRAMEWORK_HEADER = YES;
				CLANG_WARN_RANGE_LOOP_ANALYSIS = YES;
				CLANG_WARN_STRICT_PROTOTYPES = YES;
				CLANG_WARN_SUSPICIOUS_MOVE = YES;
				CLANG_WARN_UNGUARDED_AVAILABILITY = YES_AGGRESSIVE;
				CLANG_WARN_UNREACHABLE_CODE = YES;
				CLANG_WARN__DUPLICATE_METHOD_MATCH = YES;
				COPY_PHASE_STRIP = NO;
				DEBUG_INFORMATION_FORMAT = "dwarf-with-dsym";
				ENABLE_NS_ASSERTIONS = NO;
				ENABLE_STRICT_OBJC_MSGSEND = YES;
				GCC_C_LANGUAGE_STANDARD = gnu11;
				GCC_NO_COMMON_BLOCKS = YES;
				GCC_WARN_64_TO_32_BIT_CONVERSION = YES;
				GCC_WARN_ABOUT_RETURN_TYPE = YES_ERROR;
				GCC_WARN_UNDECLARED_SELECTOR = YES;
				GCC_WARN_UNINITIALIZED_AUTOS = YES_AGGRESSIVE;
				GCC_WARN_UNUSED_FUNCTION = YES;
				GCC_WARN_UNUSED_VARIABLE = YES;
				IPHONEOS_DEPLOYMENT_TARGET = 14.3;
				MTL_ENABLE_DEBUG_INFO = NO;
				MTL_FAST_MATH = YES;
				SDKROOT = iphoneos;
				SWIFT_COMPILATION_MODE = wholemodule;
				SWIFT_OPTIMIZATION_LEVEL = "-O";
				VALIDATE_PRODUCT = YES;
			};
			name = Release;
		};
		5B92E17825C03A41003D2A13 /* Debug */ = {
			isa = XCBuildConfiguration;
			buildSettings = {
				ASSETCATALOG_COMPILER_APPICON_NAME = AppIcon;
				ASSETCATALOG_COMPILER_GLOBAL_ACCENT_COLOR_NAME = AccentColor;
				CODE_SIGN_STYLE = Automatic;
				INFOPLIST_FILE = A1_iOS_simranpreet_c0794501/Info.plist;
				LD_RUNPATH_SEARCH_PATHS = (
					"$(inherited)",
					"@executable_path/Frameworks",
				);
				PRODUCT_BUNDLE_IDENTIFIER = "Simran.preet.24.A1-iOS-simranpreet-c0794501";
				PRODUCT_NAME = "$(TARGET_NAME)";
				SWIFT_VERSION = 5.0;
				TARGETED_DEVICE_FAMILY = "1,2";
			};
			name = Debug;
		};
		5B92E17925C03A41003D2A13 /* Release */ = {
			isa = XCBuildConfiguration;
			buildSettings = {
				ASSETCATALOG_COMPILER_APPICON_NAME = AppIcon;
				ASSETCATALOG_COMPILER_GLOBAL_ACCENT_COLOR_NAME = AccentColor;
				CODE_SIGN_STYLE = Automatic;
				INFOPLIST_FILE = A1_iOS_simranpreet_c0794501/Info.plist;
				LD_RUNPATH_SEARCH_PATHS = (
					"$(inherited)",
					"@executable_path/Frameworks",
				);
				PRODUCT_BUNDLE_IDENTIFIER = "Simran.preet.24.A1-iOS-simranpreet-c0794501";
				PRODUCT_NAME = "$(TARGET_NAME)";
				SWIFT_VERSION = 5.0;
				TARGETED_DEVICE_FAMILY = "1,2";
			};
			name = Release;
		};
		5B92E17B25C03A41003D2A13 /* Debug */ = {
			isa = XCBuildConfiguration;
			buildSettings = {
				ALWAYS_EMBED_SWIFT_STANDARD_LIBRARIES = YES;
				BUNDLE_LOADER = "$(TEST_HOST)";
				CODE_SIGN_STYLE = Automatic;
				INFOPLIST_FILE = A1_iOS_simranpreet_c0794501Tests/Info.plist;
				IPHONEOS_DEPLOYMENT_TARGET = 14.3;
				LD_RUNPATH_SEARCH_PATHS = (
					"$(inherited)",
					"@executable_path/Frameworks",
					"@loader_path/Frameworks",
				);
				PRODUCT_BUNDLE_IDENTIFIER = "Simran.preet.24.A1-iOS-simranpreet-c0794501Tests";
				PRODUCT_NAME = "$(TARGET_NAME)";
				SWIFT_VERSION = 5.0;
				TARGETED_DEVICE_FAMILY = "1,2";
				TEST_HOST = "$(BUILT_PRODUCTS_DIR)/A1_iOS_simranpreet_c0794501.app/A1_iOS_simranpreet_c0794501";
			};
			name = Debug;
		};
		5B92E17C25C03A41003D2A13 /* Release */ = {
			isa = XCBuildConfiguration;
			buildSettings = {
				ALWAYS_EMBED_SWIFT_STANDARD_LIBRARIES = YES;
				BUNDLE_LOADER = "$(TEST_HOST)";
				CODE_SIGN_STYLE = Automatic;
				INFOPLIST_FILE = A1_iOS_simranpreet_c0794501Tests/Info.plist;
				IPHONEOS_DEPLOYMENT_TARGET = 14.3;
				LD_RUNPATH_SEARCH_PATHS = (
					"$(inherited)",
					"@executable_path/Frameworks",
					"@loader_path/Frameworks",
				);
				PRODUCT_BUNDLE_IDENTIFIER = "Simran.preet.24.A1-iOS-simranpreet-c0794501Tests";
				PRODUCT_NAME = "$(TARGET_NAME)";
				SWIFT_VERSION = 5.0;
				TARGETED_DEVICE_FAMILY = "1,2";
				TEST_HOST = "$(BUILT_PRODUCTS_DIR)/A1_iOS_simranpreet_c0794501.app/A1_iOS_simranpreet_c0794501";
			};
			name = Release;
		};
		5B92E17E25C03A41003D2A13 /* Debug */ = {
			isa = XCBuildConfiguration;
			buildSettings = {
				ALWAYS_EMBED_SWIFT_STANDARD_LIBRARIES = YES;
				CODE_SIGN_STYLE = Automatic;
				INFOPLIST_FILE = A1_iOS_simranpreet_c0794501UITests/Info.plist;
				LD_RUNPATH_SEARCH_PATHS = (
					"$(inherited)",
					"@executable_path/Frameworks",
					"@loader_path/Frameworks",
				);
				PRODUCT_BUNDLE_IDENTIFIER = "Simran.preet.24.A1-iOS-simranpreet-c0794501UITests";
				PRODUCT_NAME = "$(TARGET_NAME)";
				SWIFT_VERSION = 5.0;
				TARGETED_DEVICE_FAMILY = "1,2";
				TEST_TARGET_NAME = A1_iOS_simranpreet_c0794501;
			};
			name = Debug;
		};
		5B92E17F25C03A41003D2A13 /* Release */ = {
			isa = XCBuildConfiguration;
			buildSettings = {
				ALWAYS_EMBED_SWIFT_STANDARD_LIBRARIES = YES;
				CODE_SIGN_STYLE = Automatic;
				INFOPLIST_FILE = A1_iOS_simranpreet_c0794501UITests/Info.plist;
				LD_RUNPATH_SEARCH_PATHS = (
					"$(inherited)",
					"@executable_path/Frameworks",
					"@loader_path/Frameworks",
				);
				PRODUCT_BUNDLE_IDENTIFIER = "Simran.preet.24.A1-iOS-simranpreet-c0794501UITests";
				PRODUCT_NAME = "$(TARGET_NAME)";
				SWIFT_VERSION = 5.0;
				TARGETED_DEVICE_FAMILY = "1,2";
				TEST_TARGET_NAME = A1_iOS_simranpreet_c0794501;
			};
			name = Release;
		};
/* End XCBuildConfiguration section */

/* Begin XCConfigurationList section */
		5B92E14825C03A3E003D2A13 /* Build configuration list for PBXProject "A1_iOS_simranpreet_c0794501" */ = {
			isa = XCConfigurationList;
			buildConfigurations = (
				5B92E17525C03A41003D2A13 /* Debug */,
				5B92E17625C03A41003D2A13 /* Release */,
			);
			defaultConfigurationIsVisible = 0;
			defaultConfigurationName = Release;
		};
		5B92E17725C03A41003D2A13 /* Build configuration list for PBXNativeTarget "A1_iOS_simranpreet_c0794501" */ = {
			isa = XCConfigurationList;
			buildConfigurations = (
				5B92E17825C03A41003D2A13 /* Debug */,
				5B92E17925C03A41003D2A13 /* Release */,
			);
			defaultConfigurationIsVisible = 0;
			defaultConfigurationName = Release;
		};
		5B92E17A25C03A41003D2A13 /* Build configuration list for PBXNativeTarget "A1_iOS_simranpreet_c0794501Tests" */ = {
			isa = XCConfigurationList;
			buildConfigurations = (
				5B92E17B25C03A41003D2A13 /* Debug */,
				5B92E17C25C03A41003D2A13 /* Release */,
			);
			defaultConfigurationIsVisible = 0;
			defaultConfigurationName = Release;
		};
		5B92E17D25C03A41003D2A13 /* Build configuration list for PBXNativeTarget "A1_iOS_simranpreet_c0794501UITests" */ = {
			isa = XCConfigurationList;
			buildConfigurations = (
				5B92E17E25C03A41003D2A13 /* Debug */,
				5B92E17F25C03A41003D2A13 /* Release */,
			);
			defaultConfigurationIsVisible = 0;
			defaultConfigurationName = Release;
		};
/* End XCConfigurationList section */
	};
	rootObject = 5B92E14525C03A3E003D2A13 /* Project object */;
}
